
Microsoft Visual Studio Solution File, Format Version 12.00
Project("{FAE04EC0-301F-11D3-BF4B-00C04F79EFBC}") = "Orchestration.Inventory", "Orchestration.Inventory\Orchestration.Inventory.csproj", "{4E8FC336-C68C-4D1E-9E09-BB919BDFC47C}"
EndProject
Project("{2150E333-8FDC-42A3-9474-1A3956D46DE8}") = "Choreography", "Choreography", "{3A90691A-2806-4FCC-B060-7B1135BFC5D6}"
EndProject
Project("{2150E333-8FDC-42A3-9474-1A3956D46DE8}") = "Orchestration", "Orchestration", "{848EA385-0975-4146-9E13-446DE6921C05}"
EndProject
Project("{FAE04EC0-301F-11D3-BF4B-00C04F79EFBC}") = "Orchestration.Delivery", "Orchestration.Delivery\Orchestration.Delivery.csproj", "{921191E4-9464-48E0-A4DB-3971DA3BE6A6}"
EndProject
Project("{FAE04EC0-301F-11D3-BF4B-00C04F79EFBC}") = "Orchestration.Order", "Orchestration.Order\Orchestration.Order.csproj", "{2E95487B-4751-4E4F-A2DD-AAC0716FA11E}"
EndProject
Project("{FAE04EC0-301F-11D3-BF4B-00C04F79EFBC}") = "DAL", "DAL\DAL.csproj", "{C48FB0AF-6DC3-4034-8EA9-88556E4CAA7C}"
EndProject
Project("{FAE04EC0-301F-11D3-BF4B-00C04F79EFBC}") = "Service", "Service\Service.csproj", "{9996BB61-2342-4872-8E06-5236004481F3}"
EndProject
Project("{FAE04EC0-301F-11D3-BF4B-00C04F79EFBC}") = "Orchestration", "Orchestration\Orchestration.csproj", "{EF9B5616-12DB-4C14-9AAE-E9C7B73678B8}"
EndProject
Project("{FAE04EC0-301F-11D3-BF4B-00C04F79EFBC}") = "Orchestration.Contracts", "Orchestration.Contracts\Orchestration.Contracts.csproj", "{6F63E17B-63E3-4015-AC86-63B178EAD4C9}"
EndProject
Project("{FAE04EC0-301F-11D3-BF4B-00C04F79EFBC}") = "Choreography.Delivery", "Choreography.Delivery\Choreography.Delivery.csproj", "{D85D77F2-5CB1-445F-A3E3-6B6AC78F20A8}"
EndProject
Project("{FAE04EC0-301F-11D3-BF4B-00C04F79EFBC}") = "Choreography.Inventory", "Choreography.Inventory\Choreography.Inventory.csproj", "{4CC58ADF-8E51-4441-B45A-A4AB9FD08910}"
EndProject
Project("{FAE04EC0-301F-11D3-BF4B-00C04F79EFBC}") = "Choreography.Order", "Choreography.Order\Choreography.Order.csproj", "{087293BB-6BFD-4040-ADF2-32AA561ECA89}"
EndProject
Project("{FAE04EC0-301F-11D3-BF4B-00C04F79EFBC}") = "Choreography.Contracts", "Choreography.Contracts\Choreography.Contracts.csproj", "{AD369899-472E-41FF-BA67-07CA6D86CA80}"
EndProject
Global
	GlobalSection(SolutionConfigurationPlatforms) = preSolution
		Debug|Any CPU = Debug|Any CPU
		Release|Any CPU = Release|Any CPU
	EndGlobalSection
	GlobalSection(ProjectConfigurationPlatforms) = postSolution
		{4E8FC336-C68C-4D1E-9E09-BB919BDFC47C}.Debug|Any CPU.ActiveCfg = Debug|Any CPU
		{4E8FC336-C68C-4D1E-9E09-BB919BDFC47C}.Debug|Any CPU.Build.0 = Debug|Any CPU
		{4E8FC336-C68C-4D1E-9E09-BB919BDFC47C}.Release|Any CPU.ActiveCfg = Release|Any CPU
		{4E8FC336-C68C-4D1E-9E09-BB919BDFC47C}.Release|Any CPU.Build.0 = Release|Any CPU
		{921191E4-9464-48E0-A4DB-3971DA3BE6A6}.Debug|Any CPU.ActiveCfg = Debug|Any CPU
		{921191E4-9464-48E0-A4DB-3971DA3BE6A6}.Debug|Any CPU.Build.0 = Debug|Any CPU
		{921191E4-9464-48E0-A4DB-3971DA3BE6A6}.Release|Any CPU.ActiveCfg = Release|Any CPU
		{921191E4-9464-48E0-A4DB-3971DA3BE6A6}.Release|Any CPU.Build.0 = Release|Any CPU
		{2E95487B-4751-4E4F-A2DD-AAC0716FA11E}.Debug|Any CPU.ActiveCfg = Debug|Any CPU
		{2E95487B-4751-4E4F-A2DD-AAC0716FA11E}.Debug|Any CPU.Build.0 = Debug|Any CPU
		{2E95487B-4751-4E4F-A2DD-AAC0716FA11E}.Release|Any CPU.ActiveCfg = Release|Any CPU
		{2E95487B-4751-4E4F-A2DD-AAC0716FA11E}.Release|Any CPU.Build.0 = Release|Any CPU
		{C48FB0AF-6DC3-4034-8EA9-88556E4CAA7C}.Debug|Any CPU.ActiveCfg = Debug|Any CPU
		{C48FB0AF-6DC3-4034-8EA9-88556E4CAA7C}.Debug|Any CPU.Build.0 = Debug|Any CPU
		{C48FB0AF-6DC3-4034-8EA9-88556E4CAA7C}.Release|Any CPU.ActiveCfg = Release|Any CPU
		{C48FB0AF-6DC3-4034-8EA9-88556E4CAA7C}.Release|Any CPU.Build.0 = Release|Any CPU
		{9996BB61-2342-4872-8E06-5236004481F3}.Debug|Any CPU.ActiveCfg = Debug|Any CPU
		{9996BB61-2342-4872-8E06-5236004481F3}.Debug|Any CPU.Build.0 = Debug|Any CPU
		{9996BB61-2342-4872-8E06-5236004481F3}.Release|Any CPU.ActiveCfg = Release|Any CPU
		{9996BB61-2342-4872-8E06-5236004481F3}.Release|Any CPU.Build.0 = Release|Any CPU
		{EF9B5616-12DB-4C14-9AAE-E9C7B73678B8}.Debug|Any CPU.ActiveCfg = Debug|Any CPU
		{EF9B5616-12DB-4C14-9AAE-E9C7B73678B8}.Debug|Any CPU.Build.0 = Debug|Any CPU
		{EF9B5616-12DB-4C14-9AAE-E9C7B73678B8}.Release|Any CPU.ActiveCfg = Release|Any CPU
		{EF9B5616-12DB-4C14-9AAE-E9C7B73678B8}.Release|Any CPU.Build.0 = Release|Any CPU
		{6F63E17B-63E3-4015-AC86-63B178EAD4C9}.Debug|Any CPU.ActiveCfg = Debug|Any CPU
		{6F63E17B-63E3-4015-AC86-63B178EAD4C9}.Debug|Any CPU.Build.0 = Debug|Any CPU
		{6F63E17B-63E3-4015-AC86-63B178EAD4C9}.Release|Any CPU.ActiveCfg = Release|Any CPU
		{6F63E17B-63E3-4015-AC86-63B178EAD4C9}.Release|Any CPU.Build.0 = Release|Any CPU
		{D85D77F2-5CB1-445F-A3E3-6B6AC78F20A8}.Debug|Any CPU.ActiveCfg = Debug|Any CPU
		{D85D77F2-5CB1-445F-A3E3-6B6AC78F20A8}.Debug|Any CPU.Build.0 = Debug|Any CPU
		{D85D77F2-5CB1-445F-A3E3-6B6AC78F20A8}.Release|Any CPU.ActiveCfg = Release|Any CPU
		{D85D77F2-5CB1-445F-A3E3-6B6AC78F20A8}.Release|Any CPU.Build.0 = Release|Any CPU
		{4CC58ADF-8E51-4441-B45A-A4AB9FD08910}.Debug|Any CPU.ActiveCfg = Debug|Any CPU
		{4CC58ADF-8E51-4441-B45A-A4AB9FD08910}.Debug|Any CPU.Build.0 = Debug|Any CPU
		{4CC58ADF-8E51-4441-B45A-A4AB9FD08910}.Release|Any CPU.ActiveCfg = Release|Any CPU
		{4CC58ADF-8E51-4441-B45A-A4AB9FD08910}.Release|Any CPU.Build.0 = Release|Any CPU
		{087293BB-6BFD-4040-ADF2-32AA561ECA89}.Debug|Any CPU.ActiveCfg = Debug|Any CPU
		{087293BB-6BFD-4040-ADF2-32AA561ECA89}.Debug|Any CPU.Build.0 = Debug|Any CPU
		{087293BB-6BFD-4040-ADF2-32AA561ECA89}.Release|Any CPU.ActiveCfg = Release|Any CPU
		{087293BB-6BFD-4040-ADF2-32AA561ECA89}.Release|Any CPU.Build.0 = Release|Any CPU
		{AD369899-472E-41FF-BA67-07CA6D86CA80}.Debug|Any CPU.ActiveCfg = Debug|Any CPU
		{AD369899-472E-41FF-BA67-07CA6D86CA80}.Debug|Any CPU.Build.0 = Debug|Any CPU
		{AD369899-472E-41FF-BA67-07CA6D86CA80}.Release|Any CPU.ActiveCfg = Release|Any CPU
		{AD369899-472E-41FF-BA67-07CA6D86CA80}.Release|Any CPU.Build.0 = Release|Any CPU
	EndGlobalSection
	GlobalSection(NestedProjects) = preSolution
		{4E8FC336-C68C-4D1E-9E09-BB919BDFC47C} = {848EA385-0975-4146-9E13-446DE6921C05}
		{921191E4-9464-48E0-A4DB-3971DA3BE6A6} = {848EA385-0975-4146-9E13-446DE6921C05}
		{2E95487B-4751-4E4F-A2DD-AAC0716FA11E} = {848EA385-0975-4146-9E13-446DE6921C05}
		{EF9B5616-12DB-4C14-9AAE-E9C7B73678B8} = {848EA385-0975-4146-9E13-446DE6921C05}
		{D85D77F2-5CB1-445F-A3E3-6B6AC78F20A8} = {3A90691A-2806-4FCC-B060-7B1135BFC5D6}
		{4CC58ADF-8E51-4441-B45A-A4AB9FD08910} = {3A90691A-2806-4FCC-B060-7B1135BFC5D6}
		{087293BB-6BFD-4040-ADF2-32AA561ECA89} = {3A90691A-2806-4FCC-B060-7B1135BFC5D6}
		{6F63E17B-63E3-4015-AC86-63B178EAD4C9} = {848EA385-0975-4146-9E13-446DE6921C05}
		{AD369899-472E-41FF-BA67-07CA6D86CA80} = {3A90691A-2806-4FCC-B060-7B1135BFC5D6}
	EndGlobalSection
EndGlobal
